
Microsoft Visual Studio Solution File, Format Version 12.00
# Visual Studio Version 17
VisualStudioVersion = 17.8.34330.188
MinimumVisualStudioVersion = 10.0.40219.1
Project("{FAE04EC0-301F-11D3-BF4B-00C04F79EFBC}") = "ADO_ASSIGNMENTS", "ADO_ASSIGNMENTS.csproj", "{9799EC63-BC95-41CF-BC10-9FBDD7207A27}"
EndProject
Global
	GlobalSection(SolutionConfigurationPlatforms) = preSolution
		Debug|Any CPU = Debug|Any CPU
		Release|Any CPU = Release|Any CPU
	EndGlobalSection
	GlobalSection(ProjectConfigurationPlatforms) = postSolution
		{9799EC63-BC95-41CF-BC10-9FBDD7207A27}.Debug|Any CPU.ActiveCfg = Debug|Any CPU
		{9799EC63-BC95-41CF-BC10-9FBDD7207A27}.Debug|Any CPU.Build.0 = Debug|Any CPU
		{9799EC63-BC95-41CF-BC10-9FBDD7207A27}.Release|Any CPU.ActiveCfg = Release|Any CPU
		{9799EC63-BC95-41CF-BC10-9FBDD7207A27}.Release|Any CPU.Build.0 = Release|Any CPU
	EndGlobalSection
	GlobalSection(SolutionProperties) = preSolution
		HideSolutionNode = FALSE
	EndGlobalSection
	GlobalSection(ExtensibilityGlobals) = postSolution
		SolutionGuid = {312B8EC7-09AB-4B4E-A9D0-070D304E4B79}
	EndGlobalSection
EndGlobal
