
Microsoft Visual Studio Solution File, Format Version 12.00
# Visual Studio Version 17
VisualStudioVersion = 17.8.34330.188
MinimumVisualStudioVersion = 10.0.40219.1
Project("{FAE04EC0-301F-11D3-BF4B-00C04F79EFBC}") = "OOP", "OOP.csproj", "{ECAD4B98-DD87-4144-8891-3B65916D454E}"
EndProject
Global
	GlobalSection(SolutionConfigurationPlatforms) = preSolution
		Debug|Any CPU = Debug|Any CPU
		Release|Any CPU = Release|Any CPU
	EndGlobalSection
	GlobalSection(ProjectConfigurationPlatforms) = postSolution
		{ECAD4B98-DD87-4144-8891-3B65916D454E}.Debug|Any CPU.ActiveCfg = Debug|Any CPU
		{ECAD4B98-DD87-4144-8891-3B65916D454E}.Debug|Any CPU.Build.0 = Debug|Any CPU
		{ECAD4B98-DD87-4144-8891-3B65916D454E}.Release|Any CPU.ActiveCfg = Release|Any CPU
		{ECAD4B98-DD87-4144-8891-3B65916D454E}.Release|Any CPU.Build.0 = Release|Any CPU
	EndGlobalSection
	GlobalSection(SolutionProperties) = preSolution
		HideSolutionNode = FALSE
	EndGlobalSection
	GlobalSection(ExtensibilityGlobals) = postSolution
		SolutionGuid = {4450A56F-58D0-4347-8F01-1A4AB4F45EAC}
	EndGlobalSection
EndGlobal
